
Microsoft Visual Studio Solution File, Format Version 12.00
# Visual Studio Version 17
VisualStudioVersion = 17.13.35617.110 d17.13
MinimumVisualStudioVersion = 10.0.40219.1
Project("{54A90642-561A-4BB1-A94E-469ADEE60C69}") = "NodeConsoleApp2", "NodeConsoleApp2\NodeConsoleApp2.esproj", "{06EB4084-642A-F058-3E0A-177061F47967}"
EndProject
Global
	GlobalSection(SolutionConfigurationPlatforms) = preSolution
		Debug|Any CPU = Debug|Any CPU
		Release|Any CPU = Release|Any CPU
	EndGlobalSection
	GlobalSection(ProjectConfigurationPlatforms) = postSolution
		{06EB4084-642A-F058-3E0A-177061F47967}.Debug|Any CPU.ActiveCfg = Debug|Any CPU
		{06EB4084-642A-F058-3E0A-177061F47967}.Debug|Any CPU.Build.0 = Debug|Any CPU
		{06EB4084-642A-F058-3E0A-177061F47967}.Debug|Any CPU.Deploy.0 = Debug|Any CPU
		{06EB4084-642A-F058-3E0A-177061F47967}.Release|Any CPU.ActiveCfg = Release|Any CPU
		{06EB4084-642A-F058-3E0A-177061F47967}.Release|Any CPU.Build.0 = Release|Any CPU
		{06EB4084-642A-F058-3E0A-177061F47967}.Release|Any CPU.Deploy.0 = Release|Any CPU
	EndGlobalSection
	GlobalSection(SolutionProperties) = preSolution
		HideSolutionNode = FALSE
	EndGlobalSection
	GlobalSection(ExtensibilityGlobals) = postSolution
		SolutionGuid = {DF4AF5C0-A1A0-48C5-ACB3-C2B5FA6E7DAD}
	EndGlobalSection
EndGlobal
